# This file is automatically @generated by Poetry 1.7.1 and should not be changed by hand.

[[package]]
name = "asgiref"
version = "3.7.2"
description = "ASGI specs, helper code, and adapters"
optional = false
python-versions = ">=3.7"
files = [
    {file = "asgiref-3.7.2-py3-none-any.whl", hash = "sha256:89b2ef2247e3b562a16eef663bc0e2e703ec6468e2fa8a5cd61cd449786d4f6e"},
    {file = "asgiref-3.7.2.tar.gz", hash = "sha256:9e0ce3aa93a819ba5b45120216b23878cf6e8525eb3848653452b4192b92afed"},
]

[package.extras]
tests = ["mypy (>=0.800)", "pytest", "pytest-asyncio"]

[[package]]
name = "brotli"
version = "1.1.0"
description = "Python bindings for the Brotli compression library"
optional = false
python-versions = "*"
files = [
    {file = "Brotli-1.1.0-cp310-cp310-macosx_10_9_universal2.whl", hash = "sha256:e1140c64812cb9b06c922e77f1c26a75ec5e3f0fb2bf92cc8c58720dec276752"},
    {file = "Brotli-1.1.0-cp310-cp310-macosx_10_9_x86_64.whl", hash = "sha256:c8fd5270e906eef71d4a8d19b7c6a43760c6abcfcc10c9101d14eb2357418de9"},
    {file = "Brotli-1.1.0-cp310-cp310-manylinux_2_17_aarch64.manylinux2014_aarch64.whl", hash = "sha256:1ae56aca0402a0f9a3431cddda62ad71666ca9d4dc3a10a142b9dce2e3c0cda3"},
    {file = "Brotli-1.1.0-cp310-cp310-manylinux_2_17_ppc64le.manylinux2014_ppc64le.whl", hash = "sha256:43ce1b9935bfa1ede40028054d7f48b5469cd02733a365eec8a329ffd342915d"},
    {file = "Brotli-1.1.0-cp310-cp310-manylinux_2_5_i686.manylinux1_i686.manylinux_2_12_i686.manylinux2010_i686.whl", hash = "sha256:7c4855522edb2e6ae7fdb58e07c3ba9111e7621a8956f481c68d5d979c93032e"},
    {file = "Brotli-1.1.0-cp310-cp310-manylinux_2_5_x86_64.manylinux1_x86_64.manylinux_2_12_x86_64.manylinux2010_x86_64.whl", hash = "sha256:38025d9f30cf4634f8309c6874ef871b841eb3c347e90b0851f63d1ded5212da"},
    {file = "Brotli-1.1.0-cp310-cp310-musllinux_1_1_aarch64.whl", hash = "sha256:e6a904cb26bfefc2f0a6f240bdf5233be78cd2488900a2f846f3c3ac8489ab80"},
    {file = "Brotli-1.1.0-cp310-cp310-musllinux_1_1_i686.whl", hash = "sha256:a37b8f0391212d29b3a91a799c8e4a2855e0576911cdfb2515487e30e322253d"},
    {file = "Brotli-1.1.0-cp310-cp310-musllinux_1_1_ppc64le.whl", hash = "sha256:e84799f09591700a4154154cab9787452925578841a94321d5ee8fb9a9a328f0"},
    {file = "Brotli-1.1.0-cp310-cp310-musllinux_1_1_x86_64.whl", hash = "sha256:f66b5337fa213f1da0d9000bc8dc0cb5b896b726eefd9c6046f699b169c41b9e"},
    {file = "Brotli-1.1.0-cp310-cp310-win32.whl", hash = "sha256:be36e3d172dc816333f33520154d708a2657ea63762ec16b62ece02ab5e4daf2"},
    {file = "Brotli-1.1.0-cp310-cp310-win_amd64.whl", hash = "sha256:0c6244521dda65ea562d5a69b9a26120769b7a9fb3db2fe9545935ed6735b128"},
    {file = "Brotli-1.1.0-cp311-cp311-macosx_10_9_universal2.whl", hash = "sha256:a3daabb76a78f829cafc365531c972016e4aa8d5b4bf60660ad8ecee19df7ccc"},
    {file = "Brotli-1.1.0-cp311-cp311-macosx_10_9_x86_64.whl", hash = "sha256:c8146669223164fc87a7e3de9f81e9423c67a79d6b3447994dfb9c95da16e2d6"},
    {file = "Brotli-1.1.0-cp311-cp311-manylinux_2_17_aarch64.manylinux2014_aarch64.whl", hash = "sha256:30924eb4c57903d5a7526b08ef4a584acc22ab1ffa085faceb521521d2de32dd"},
    {file = "Brotli-1.1.0-cp311-cp311-manylinux_2_17_ppc64le.manylinux2014_ppc64le.whl", hash = "sha256:ceb64bbc6eac5a140ca649003756940f8d6a7c444a68af170b3187623b43bebf"},
    {file = "Brotli-1.1.0-cp311-cp311-manylinux_2_17_x86_64.manylinux2014_x86_64.whl", hash = "sha256:a469274ad18dc0e4d316eefa616d1d0c2ff9da369af19fa6f3daa4f09671fd61"},
    {file = "Brotli-1.1.0-cp311-cp311-manylinux_2_5_i686.manylinux1_i686.manylinux_2_17_i686.manylinux2014_i686.whl", hash = "sha256:524f35912131cc2cabb00edfd8d573b07f2d9f21fa824bd3fb19725a9cf06327"},
    {file = "Brotli-1.1.0-cp311-cp311-musllinux_1_1_aarch64.whl", hash = "sha256:5b3cc074004d968722f51e550b41a27be656ec48f8afaeeb45ebf65b561481dd"},
    {file = "Brotli-1.1.0-cp311-cp311-musllinux_1_1_i686.whl", hash = "sha256:19c116e796420b0cee3da1ccec3b764ed2952ccfcc298b55a10e5610ad7885f9"},
    {file = "Brotli-1.1.0-cp311-cp311-musllinux_1_1_ppc64le.whl", hash = "sha256:510b5b1bfbe20e1a7b3baf5fed9e9451873559a976c1a78eebaa3b86c57b4265"},
    {file = "Brotli-1.1.0-cp311-cp311-musllinux_1_1_x86_64.whl", hash = "sha256:a1fd8a29719ccce974d523580987b7f8229aeace506952fa9ce1d53a033873c8"},
    {file = "Brotli-1.1.0-cp311-cp311-win32.whl", hash = "sha256:39da8adedf6942d76dc3e46653e52df937a3c4d6d18fdc94a7c29d263b1f5b50"},
    {file = "Brotli-1.1.0-cp311-cp311-win_amd64.whl", hash = "sha256:aac0411d20e345dc0920bdec5548e438e999ff68d77564d5e9463a7ca9d3e7b1"},
    {file = "Brotli-1.1.0-cp312-cp312-macosx_10_9_universal2.whl", hash = "sha256:316cc9b17edf613ac76b1f1f305d2a748f1b976b033b049a6ecdfd5612c70409"},
    {file = "Brotli-1.1.0-cp312-cp312-macosx_10_9_x86_64.whl", hash = "sha256:caf9ee9a5775f3111642d33b86237b05808dafcd6268faa492250e9b78046eb2"},
    {file = "Brotli-1.1.0-cp312-cp312-manylinux_2_17_aarch64.manylinux2014_aarch64.whl", hash = "sha256:70051525001750221daa10907c77830bc889cb6d865cc0b813d9db7fefc21451"},
    {file = "Brotli-1.1.0-cp312-cp312-manylinux_2_17_ppc64le.manylinux2014_ppc64le.whl", hash = "sha256:7f4bf76817c14aa98cc6697ac02f3972cb8c3da93e9ef16b9c66573a68014f91"},
    {file = "Brotli-1.1.0-cp312-cp312-manylinux_2_17_x86_64.manylinux2014_x86_64.whl", hash = "sha256:d0c5516f0aed654134a2fc936325cc2e642f8a0e096d075209672eb321cff408"},
    {file = "Brotli-1.1.0-cp312-cp312-manylinux_2_5_i686.manylinux1_i686.manylinux_2_17_i686.manylinux2014_i686.whl", hash = "sha256:6c3020404e0b5eefd7c9485ccf8393cfb75ec38ce75586e046573c9dc29967a0"},
    {file = "Brotli-1.1.0-cp312-cp312-musllinux_1_1_aarch64.whl", hash = "sha256:4ed11165dd45ce798d99a136808a794a748d5dc38511303239d4e2363c0695dc"},
    {file = "Brotli-1.1.0-cp312-cp312-musllinux_1_1_i686.whl", hash = "sha256:4093c631e96fdd49e0377a9c167bfd75b6d0bad2ace734c6eb20b348bc3ea180"},
    {file = "Brotli-1.1.0-cp312-cp312-musllinux_1_1_ppc64le.whl", hash = "sha256:7e4c4629ddad63006efa0ef968c8e4751c5868ff0b1c5c40f76524e894c50248"},
    {file = "Brotli-1.1.0-cp312-cp312-musllinux_1_1_x86_64.whl", hash = "sha256:861bf317735688269936f755fa136a99d1ed526883859f86e41a5d43c61d8966"},
    {file = "Brotli-1.1.0-cp312-cp312-win32.whl", hash = "sha256:5f4d5ea15c9382135076d2fb28dde923352fe02951e66935a9efaac8f10e81b0"},
    {file = "Brotli-1.1.0-cp312-cp312-win_amd64.whl", hash = "sha256:906bc3a79de8c4ae5b86d3d75a8b77e44404b0f4261714306e3ad248d8ab0951"},
    {file = "Brotli-1.1.0-cp36-cp36m-macosx_10_9_x86_64.whl", hash = "sha256:a090ca607cbb6a34b0391776f0cb48062081f5f60ddcce5d11838e67a01928d1"},
    {file = "Brotli-1.1.0-cp36-cp36m-manylinux_2_17_aarch64.manylinux2014_aarch64.whl", hash = "sha256:2de9d02f5bda03d27ede52e8cfe7b865b066fa49258cbab568720aa5be80a47d"},
    {file = "Brotli-1.1.0-cp36-cp36m-manylinux_2_17_ppc64le.manylinux2014_ppc64le.whl", hash = "sha256:2333e30a5e00fe0fe55903c8832e08ee9c3b1382aacf4db26664a16528d51b4b"},
    {file = "Brotli-1.1.0-cp36-cp36m-manylinux_2_5_i686.manylinux1_i686.whl", hash = "sha256:4d4a848d1837973bf0f4b5e54e3bec977d99be36a7895c61abb659301b02c112"},
    {file = "Brotli-1.1.0-cp36-cp36m-manylinux_2_5_x86_64.manylinux1_x86_64.whl", hash = "sha256:fdc3ff3bfccdc6b9cc7c342c03aa2400683f0cb891d46e94b64a197910dc4064"},
    {file = "Brotli-1.1.0-cp36-cp36m-musllinux_1_1_aarch64.whl", hash = "sha256:5eeb539606f18a0b232d4ba45adccde4125592f3f636a6182b4a8a436548b914"},
    {file = "Brotli-1.1.0-cp36-cp36m-musllinux_1_1_i686.whl", hash = "sha256:fd5f17ff8f14003595ab414e45fce13d073e0762394f957182e69035c9f3d7c2"},
    {file = "Brotli-1.1.0-cp36-cp36m-musllinux_1_1_ppc64le.whl", hash = "sha256:069a121ac97412d1fe506da790b3e69f52254b9df4eb665cd42460c837193354"},
    {file = "Brotli-1.1.0-cp36-cp36m-musllinux_1_1_x86_64.whl", hash = "sha256:e93dfc1a1165e385cc8239fab7c036fb2cd8093728cbd85097b284d7b99249a2"},
    {file = "Brotli-1.1.0-cp36-cp36m-win32.whl", hash = "sha256:a599669fd7c47233438a56936988a2478685e74854088ef5293802123b5b2460"},
    {file = "Brotli-1.1.0-cp36-cp36m-win_amd64.whl", hash = "sha256:d143fd47fad1db3d7c27a1b1d66162e855b5d50a89666af46e1679c496e8e579"},
    {file = "Brotli-1.1.0-cp37-cp37m-macosx_10_9_x86_64.whl", hash = "sha256:11d00ed0a83fa22d29bc6b64ef636c4552ebafcef57154b4ddd132f5638fbd1c"},
    {file = "Brotli-1.1.0-cp37-cp37m-manylinux_2_17_aarch64.manylinux2014_aarch64.whl", hash = "sha256:f733d788519c7e3e71f0855c96618720f5d3d60c3cb829d8bbb722dddce37985"},
    {file = "Brotli-1.1.0-cp37-cp37m-manylinux_2_17_ppc64le.manylinux2014_ppc64le.whl", hash = "sha256:929811df5462e182b13920da56c6e0284af407d1de637d8e536c5cd00a7daf60"},
    {file = "Brotli-1.1.0-cp37-cp37m-manylinux_2_5_i686.manylinux1_i686.whl", hash = "sha256:0b63b949ff929fbc2d6d3ce0e924c9b93c9785d877a21a1b678877ffbbc4423a"},
    {file = "Brotli-1.1.0-cp37-cp37m-manylinux_2_5_x86_64.manylinux1_x86_64.whl", hash = "sha256:d192f0f30804e55db0d0e0a35d83a9fead0e9a359a9ed0285dbacea60cc10a84"},
    {file = "Brotli-1.1.0-cp37-cp37m-musllinux_1_1_aarch64.whl", hash = "sha256:f296c40e23065d0d6650c4aefe7470d2a25fffda489bcc3eb66083f3ac9f6643"},
    {file = "Brotli-1.1.0-cp37-cp37m-musllinux_1_1_i686.whl", hash = "sha256:919e32f147ae93a09fe064d77d5ebf4e35502a8df75c29fb05788528e330fe74"},
    {file = "Brotli-1.1.0-cp37-cp37m-musllinux_1_1_ppc64le.whl", hash = "sha256:23032ae55523cc7bccb4f6a0bf368cd25ad9bcdcc1990b64a647e7bbcce9cb5b"},
    {file = "Brotli-1.1.0-cp37-cp37m-musllinux_1_1_x86_64.whl", hash = "sha256:224e57f6eac61cc449f498cc5f0e1725ba2071a3d4f48d5d9dffba42db196438"},
    {file = "Brotli-1.1.0-cp37-cp37m-win32.whl", hash = "sha256:587ca6d3cef6e4e868102672d3bd9dc9698c309ba56d41c2b9c85bbb903cdb95"},
    {file = "Brotli-1.1.0-cp37-cp37m-win_amd64.whl", hash = "sha256:2954c1c23f81c2eaf0b0717d9380bd348578a94161a65b3a2afc62c86467dd68"},
    {file = "Brotli-1.1.0-cp38-cp38-macosx_10_9_universal2.whl", hash = "sha256:efa8b278894b14d6da122a72fefcebc28445f2d3f880ac59d46c90f4c13be9a3"},
    {file = "Brotli-1.1.0-cp38-cp38-macosx_10_9_x86_64.whl", hash = "sha256:03d20af184290887bdea3f0f78c4f737d126c74dc2f3ccadf07e54ceca3bf208"},
    {file = "Brotli-1.1.0-cp38-cp38-manylinux_2_17_aarch64.manylinux2014_aarch64.whl", hash = "sha256:6172447e1b368dcbc458925e5ddaf9113477b0ed542df258d84fa28fc45ceea7"},
    {file = "Brotli-1.1.0-cp38-cp38-manylinux_2_17_ppc64le.manylinux2014_ppc64le.whl", hash = "sha256:a743e5a28af5f70f9c080380a5f908d4d21d40e8f0e0c8901604d15cfa9ba751"},
    {file = "Brotli-1.1.0-cp38-cp38-manylinux_2_5_i686.manylinux1_i686.whl", hash = "sha256:0541e747cce78e24ea12d69176f6a7ddb690e62c425e01d31cc065e69ce55b48"},
    {file = "Brotli-1.1.0-cp38-cp38-manylinux_2_5_x86_64.manylinux1_x86_64.whl", hash = "sha256:cdbc1fc1bc0bff1cef838eafe581b55bfbffaed4ed0318b724d0b71d4d377619"},
    {file = "Brotli-1.1.0-cp38-cp38-musllinux_1_1_aarch64.whl", hash = "sha256:890b5a14ce214389b2cc36ce82f3093f96f4cc730c1cffdbefff77a7c71f2a97"},
    {file = "Brotli-1.1.0-cp38-cp38-musllinux_1_1_i686.whl", hash = "sha256:1ab4fbee0b2d9098c74f3057b2bc055a8bd92ccf02f65944a241b4349229185a"},
    {file = "Brotli-1.1.0-cp38-cp38-musllinux_1_1_ppc64le.whl", hash = "sha256:141bd4d93984070e097521ed07e2575b46f817d08f9fa42b16b9b5f27b5ac088"},
    {file = "Brotli-1.1.0-cp38-cp38-musllinux_1_1_x86_64.whl", hash = "sha256:fce1473f3ccc4187f75b4690cfc922628aed4d3dd013d047f95a9b3919a86596"},
    {file = "Brotli-1.1.0-cp38-cp38-win32.whl", hash = "sha256:db85ecf4e609a48f4b29055f1e144231b90edc90af7481aa731ba2d059226b1b"},
    {file = "Brotli-1.1.0-cp38-cp38-win_amd64.whl", hash = "sha256:3d7954194c36e304e1523f55d7042c59dc53ec20dd4e9ea9d151f1b62b4415c0"},
    {file = "Brotli-1.1.0-cp39-cp39-macosx_10_9_universal2.whl", hash = "sha256:5fb2ce4b8045c78ebbc7b8f3c15062e435d47e7393cc57c25115cfd49883747a"},
    {file = "Brotli-1.1.0-cp39-cp39-macosx_10_9_x86_64.whl", hash = "sha256:7905193081db9bfa73b1219140b3d315831cbff0d8941f22da695832f0dd188f"},
    {file = "Brotli-1.1.0-cp39-cp39-manylinux_2_17_aarch64.manylinux2014_aarch64.whl", hash = "sha256:a77def80806c421b4b0af06f45d65a136e7ac0bdca3c09d9e2ea4e515367c7e9"},
    {file = "Brotli-1.1.0-cp39-cp39-manylinux_2_17_ppc64le.manylinux2014_ppc64le.whl", hash = "sha256:8dadd1314583ec0bf2d1379f7008ad627cd6336625d6679cf2f8e67081b83acf"},
    {file = "Brotli-1.1.0-cp39-cp39-manylinux_2_5_i686.manylinux1_i686.whl", hash = "sha256:901032ff242d479a0efa956d853d16875d42157f98951c0230f69e69f9c09bac"},
    {file = "Brotli-1.1.0-cp39-cp39-manylinux_2_5_x86_64.manylinux1_x86_64.whl", hash = "sha256:22fc2a8549ffe699bfba2256ab2ed0421a7b8fadff114a3d201794e45a9ff578"},
    {file = "Brotli-1.1.0-cp39-cp39-musllinux_1_1_aarch64.whl", hash = "sha256:ae15b066e5ad21366600ebec29a7ccbc86812ed267e4b28e860b8ca16a2bc474"},
    {file = "Brotli-1.1.0-cp39-cp39-musllinux_1_1_i686.whl", hash = "sha256:949f3b7c29912693cee0afcf09acd6ebc04c57af949d9bf77d6101ebb61e388c"},
    {file = "Brotli-1.1.0-cp39-cp39-musllinux_1_1_ppc64le.whl", hash = "sha256:89f4988c7203739d48c6f806f1e87a1d96e0806d44f0fba61dba81392c9e474d"},
    {file = "Brotli-1.1.0-cp39-cp39-musllinux_1_1_x86_64.whl", hash = "sha256:de6551e370ef19f8de1807d0a9aa2cdfdce2e85ce88b122fe9f6b2b076837e59"},
    {file = "Brotli-1.1.0-cp39-cp39-win32.whl", hash = "sha256:f0d8a7a6b5983c2496e364b969f0e526647a06b075d034f3297dc66f3b360c64"},
    {file = "Brotli-1.1.0-cp39-cp39-win_amd64.whl", hash = "sha256:cdad5b9014d83ca68c25d2e9444e28e967ef16e80f6b436918c700c117a85467"},
    {file = "Brotli-1.1.0.tar.gz", hash = "sha256:81de08ac11bcb85841e440c13611c00b67d3bf82698314928d0b676362546724"},
]

[[package]]
name = "django"
version = "4.2.7"
description = "A high-level Python web framework that encourages rapid development and clean, pragmatic design."
optional = false
python-versions = ">=3.8"
files = [
    {file = "Django-4.2.7-py3-none-any.whl", hash = "sha256:e1d37c51ad26186de355cbcec16613ebdabfa9689bbade9c538835205a8abbe9"},
    {file = "Django-4.2.7.tar.gz", hash = "sha256:8e0f1c2c2786b5c0e39fe1afce24c926040fad47c8ea8ad30aaf1188df29fc41"},
]

[package.dependencies]
asgiref = ">=3.6.0,<4"
sqlparse = ">=0.3.1"
tzdata = {version = "*", markers = "sys_platform == \"win32\""}

[package.extras]
argon2 = ["argon2-cffi (>=19.1.0)"]
bcrypt = ["bcrypt"]

[[package]]
name = "django-session-timeout"
version = "0.1.0"
description = "Middleware to expire sessions after specific amount of time"
optional = false
python-versions = "*"
files = [
    {file = "django-session-timeout-0.1.0.tar.gz", hash = "sha256:648fe4ffa762f3bb62ce7a9ed1bbba8e37648158d555f18a880471982941084c"},
    {file = "django_session_timeout-0.1.0-py2.py3-none-any.whl", hash = "sha256:e01b2502d4b9995edb93be1a66f304d0314cecb4f671ddc26cb4525a07e56282"},
]

[package.dependencies]
Django = ">=1.11"
six = ">=1.12"

[package.extras]
docs = ["sphinx (>=1.8.4)"]
test = ["coverage[toml] (==5.0.3)", "flake8 (==3.7.9)", "flake8-blind-except (==0.1.1)", "flake8-debugger (==3.1.0)", "freezegun (==0.3.15)", "isort[pyproject] (==4.3.21)", "pytest (==5.3.5)", "pytest-cov (==2.8.1)", "pytest-django (==3.8.0)"]

[[package]]
name = "dnspython"
version = "2.4.2"
description = "DNS toolkit"
optional = false
python-versions = ">=3.8,<4.0"
files = [
    {file = "dnspython-2.4.2-py3-none-any.whl", hash = "sha256:57c6fbaaeaaf39c891292012060beb141791735dbb4004798328fc2c467402d8"},
    {file = "dnspython-2.4.2.tar.gz", hash = "sha256:8dcfae8c7460a2f84b4072e26f1c9f4101ca20c071649cb7c34e8b6a93d58984"},
]

[package.extras]
dnssec = ["cryptography (>=2.6,<42.0)"]
doh = ["h2 (>=4.1.0)", "httpcore (>=0.17.3)", "httpx (>=0.24.1)"]
doq = ["aioquic (>=0.9.20)"]
idna = ["idna (>=2.1,<4.0)"]
trio = ["trio (>=0.14,<0.23)"]
wmi = ["wmi (>=1.5.1,<2.0.0)"]

[[package]]
name = "gunicorn"
version = "21.2.0"
description = "WSGI HTTP Server for UNIX"
optional = false
python-versions = ">=3.5"
files = [
    {file = "gunicorn-21.2.0-py3-none-any.whl", hash = "sha256:3213aa5e8c24949e792bcacfc176fef362e7aac80b76c56f6b5122bf350722f0"},
    {file = "gunicorn-21.2.0.tar.gz", hash = "sha256:88ec8bff1d634f98e61b9f65bc4bf3cd918a90806c6f5c48bc5603849ec81033"},
]

[package.dependencies]
packaging = "*"

[package.extras]
eventlet = ["eventlet (>=0.24.1)"]
gevent = ["gevent (>=1.4.0)"]
setproctitle = ["setproctitle"]
tornado = ["tornado (>=0.2)"]

[[package]]
name = "packaging"
version = "23.2"
description = "Core utilities for Python packages"
optional = false
python-versions = ">=3.7"
files = [
    {file = "packaging-23.2-py3-none-any.whl", hash = "sha256:8c491190033a9af7e1d931d0b5dacc2ef47509b34dd0de67ed209b5203fc88c7"},
    {file = "packaging-23.2.tar.gz", hash = "sha256:048fb0e9405036518eaaf48a55953c750c11e1a1b68e0dd1a9d62ed0c092cfc5"},
]

[[package]]
name = "py-bcrypt"
version = "0.4"
description = "bcrypt password hashing and key derivation"
optional = false
python-versions = "*"
files = [
    {file = "py-bcrypt-0.4.tar.gz", hash = "sha256:5fa13bce551468350d66c4883694850570f3da28d6866bb638ba44fe5eabda78"},
]

[[package]]
name = "pymongo"
version = "4.6.1"
description = "Python driver for MongoDB <http://www.mongodb.org>"
optional = false
python-versions = ">=3.7"
files = [
    {file = "pymongo-4.6.1-cp310-cp310-macosx_10_9_universal2.whl", hash = "sha256:4344c30025210b9fa80ec257b0e0aab5aa1d5cca91daa70d82ab97b482cc038e"},
    {file = "pymongo-4.6.1-cp310-cp310-manylinux1_i686.whl", hash = "sha256:1c5654bb8bb2bdb10e7a0bc3c193dd8b49a960b9eebc4381ff5a2043f4c3c441"},
    {file = "pymongo-4.6.1-cp310-cp310-manylinux2014_aarch64.whl", hash = "sha256:eaf2f65190c506def2581219572b9c70b8250615dc918b3b7c218361a51ec42e"},
    {file = "pymongo-4.6.1-cp310-cp310-manylinux2014_i686.whl", hash = "sha256:262356ea5fcb13d35fb2ab6009d3927bafb9504ef02339338634fffd8a9f1ae4"},
    {file = "pymongo-4.6.1-cp310-cp310-manylinux2014_ppc64le.whl", hash = "sha256:2dd2f6960ee3c9360bed7fb3c678be0ca2d00f877068556785ec2eb6b73d2414"},
    {file = "pymongo-4.6.1-cp310-cp310-manylinux2014_s390x.whl", hash = "sha256:ff925f1cca42e933376d09ddc254598f8c5fcd36efc5cac0118bb36c36217c41"},
    {file = "pymongo-4.6.1-cp310-cp310-manylinux2014_x86_64.whl", hash = "sha256:3cadf7f4c8e94d8a77874b54a63c80af01f4d48c4b669c8b6867f86a07ba994f"},
    {file = "pymongo-4.6.1-cp310-cp310-manylinux_2_17_aarch64.manylinux2014_aarch64.whl", hash = "sha256:55dac73316e7e8c2616ba2e6f62b750918e9e0ae0b2053699d66ca27a7790105"},
    {file = "pymongo-4.6.1-cp310-cp310-manylinux_2_17_ppc64le.manylinux2014_ppc64le.whl", hash = "sha256:154b361dcb358ad377d5d40df41ee35f1cc14c8691b50511547c12404f89b5cb"},
    {file = "pymongo-4.6.1-cp310-cp310-manylinux_2_17_s390x.manylinux2014_s390x.whl", hash = "sha256:2940aa20e9cc328e8ddeacea8b9a6f5ddafe0b087fedad928912e787c65b4909"},
    {file = "pymongo-4.6.1-cp310-cp310-manylinux_2_17_x86_64.manylinux2014_x86_64.whl", hash = "sha256:010bc9aa90fd06e5cc52c8fac2c2fd4ef1b5f990d9638548dde178005770a5e8"},
    {file = "pymongo-4.6.1-cp310-cp310-manylinux_2_5_i686.manylinux1_i686.manylinux_2_17_i686.manylinux2014_i686.whl", hash = "sha256:e470fa4bace5f50076c32f4b3cc182b31303b4fefb9b87f990144515d572820b"},
    {file = "pymongo-4.6.1-cp310-cp310-win32.whl", hash = "sha256:da08ea09eefa6b960c2dd9a68ec47949235485c623621eb1d6c02b46765322ac"},
    {file = "pymongo-4.6.1-cp310-cp310-win_amd64.whl", hash = "sha256:13d613c866f9f07d51180f9a7da54ef491d130f169e999c27e7633abe8619ec9"},
    {file = "pymongo-4.6.1-cp311-cp311-macosx_10_9_universal2.whl", hash = "sha256:6a0ae7a48a6ef82ceb98a366948874834b86c84e288dbd55600c1abfc3ac1d88"},
    {file = "pymongo-4.6.1-cp311-cp311-manylinux_2_17_aarch64.manylinux2014_aarch64.whl", hash = "sha256:5bd94c503271e79917b27c6e77f7c5474da6930b3fb9e70a12e68c2dff386b9a"},
    {file = "pymongo-4.6.1-cp311-cp311-manylinux_2_17_ppc64le.manylinux2014_ppc64le.whl", hash = "sha256:2d4ccac3053b84a09251da8f5350bb684cbbf8c8c01eda6b5418417d0a8ab198"},
    {file = "pymongo-4.6.1-cp311-cp311-manylinux_2_17_s390x.manylinux2014_s390x.whl", hash = "sha256:349093675a2d3759e4fb42b596afffa2b2518c890492563d7905fac503b20daa"},
    {file = "pymongo-4.6.1-cp311-cp311-manylinux_2_17_x86_64.manylinux2014_x86_64.whl", hash = "sha256:88beb444fb438385e53dc9110852910ec2a22f0eab7dd489e827038fdc19ed8d"},
    {file = "pymongo-4.6.1-cp311-cp311-manylinux_2_5_i686.manylinux1_i686.manylinux_2_17_i686.manylinux2014_i686.whl", hash = "sha256:d8e62d06e90f60ea2a3d463ae51401475568b995bafaffd81767d208d84d7bb1"},
    {file = "pymongo-4.6.1-cp311-cp311-win32.whl", hash = "sha256:5556e306713e2522e460287615d26c0af0fe5ed9d4f431dad35c6624c5d277e9"},
    {file = "pymongo-4.6.1-cp311-cp311-win_amd64.whl", hash = "sha256:b10d8cda9fc2fcdcfa4a000aa10413a2bf8b575852cd07cb8a595ed09689ca98"},
    {file = "pymongo-4.6.1-cp312-cp312-macosx_10_9_universal2.whl", hash = "sha256:b435b13bb8e36be11b75f7384a34eefe487fe87a6267172964628e2b14ecf0a7"},
    {file = "pymongo-4.6.1-cp312-cp312-manylinux_2_17_aarch64.manylinux2014_aarch64.whl", hash = "sha256:e438417ce1dc5b758742e12661d800482200b042d03512a8f31f6aaa9137ad40"},
    {file = "pymongo-4.6.1-cp312-cp312-manylinux_2_17_ppc64le.manylinux2014_ppc64le.whl", hash = "sha256:8b47ebd89e69fbf33d1c2df79759d7162fc80c7652dacfec136dae1c9b3afac7"},
    {file = "pymongo-4.6.1-cp312-cp312-manylinux_2_17_s390x.manylinux2014_s390x.whl", hash = "sha256:bbed8cccebe1169d45cedf00461b2842652d476d2897fd1c42cf41b635d88746"},
    {file = "pymongo-4.6.1-cp312-cp312-manylinux_2_17_x86_64.manylinux2014_x86_64.whl", hash = "sha256:c30a9e06041fbd7a7590693ec5e407aa8737ad91912a1e70176aff92e5c99d20"},
    {file = "pymongo-4.6.1-cp312-cp312-manylinux_2_5_i686.manylinux1_i686.manylinux_2_17_i686.manylinux2014_i686.whl", hash = "sha256:b8729dbf25eb32ad0dc0b9bd5e6a0d0b7e5c2dc8ec06ad171088e1896b522a74"},
    {file = "pymongo-4.6.1-cp312-cp312-win32.whl", hash = "sha256:3177f783ae7e08aaf7b2802e0df4e4b13903520e8380915e6337cdc7a6ff01d8"},
    {file = "pymongo-4.6.1-cp312-cp312-win_amd64.whl", hash = "sha256:00c199e1c593e2c8b033136d7a08f0c376452bac8a896c923fcd6f419e07bdd2"},
    {file = "pymongo-4.6.1-cp37-cp37m-manylinux1_i686.whl", hash = "sha256:13552ca505366df74e3e2f0a4f27c363928f3dff0eef9f281eb81af7f29bc3c5"},
    {file = "pymongo-4.6.1-cp37-cp37m-manylinux1_x86_64.whl", hash = "sha256:77e0df59b1a4994ad30c6d746992ae887f9756a43fc25dec2db515d94cf0222d"},
    {file = "pymongo-4.6.1-cp37-cp37m-manylinux2014_aarch64.whl", hash = "sha256:3a7f02a58a0c2912734105e05dedbee4f7507e6f1bd132ebad520be0b11d46fd"},
    {file = "pymongo-4.6.1-cp37-cp37m-manylinux2014_i686.whl", hash = "sha256:026a24a36394dc8930cbcb1d19d5eb35205ef3c838a7e619e04bd170713972e7"},
    {file = "pymongo-4.6.1-cp37-cp37m-manylinux2014_ppc64le.whl", hash = "sha256:3b287e814a01deddb59b88549c1e0c87cefacd798d4afc0c8bd6042d1c3d48aa"},
    {file = "pymongo-4.6.1-cp37-cp37m-manylinux2014_s390x.whl", hash = "sha256:9a710c184ba845afb05a6f876edac8f27783ba70e52d5eaf939f121fc13b2f59"},
    {file = "pymongo-4.6.1-cp37-cp37m-manylinux2014_x86_64.whl", hash = "sha256:30b2c9caf3e55c2e323565d1f3b7e7881ab87db16997dc0cbca7c52885ed2347"},
    {file = "pymongo-4.6.1-cp37-cp37m-manylinux_2_17_aarch64.manylinux2014_aarch64.whl", hash = "sha256:ff62ba8ff70f01ab4fe0ae36b2cb0b5d1f42e73dfc81ddf0758cd9f77331ad25"},
    {file = "pymongo-4.6.1-cp37-cp37m-manylinux_2_17_ppc64le.manylinux2014_ppc64le.whl", hash = "sha256:547dc5d7f834b1deefda51aedb11a7af9c51c45e689e44e14aa85d44147c7657"},
    {file = "pymongo-4.6.1-cp37-cp37m-manylinux_2_17_s390x.manylinux2014_s390x.whl", hash = "sha256:1de3c6faf948f3edd4e738abdb4b76572b4f4fdfc1fed4dad02427e70c5a6219"},
    {file = "pymongo-4.6.1-cp37-cp37m-manylinux_2_17_x86_64.manylinux2014_x86_64.whl", hash = "sha256:a2831e05ce0a4df10c4ac5399ef50b9a621f90894c2a4d2945dc5658765514ed"},
    {file = "pymongo-4.6.1-cp37-cp37m-manylinux_2_5_i686.manylinux1_i686.manylinux_2_17_i686.manylinux2014_i686.whl", hash = "sha256:144a31391a39a390efce0c5ebcaf4bf112114af4384c90163f402cec5ede476b"},
    {file = "pymongo-4.6.1-cp37-cp37m-manylinux_2_5_i686.manylinux1_i686.whl", hash = "sha256:33bb16a07d3cc4e0aea37b242097cd5f7a156312012455c2fa8ca396953b11c4"},
    {file = "pymongo-4.6.1-cp37-cp37m-manylinux_2_5_x86_64.manylinux1_x86_64.whl", hash = "sha256:b7b1a83ce514700276a46af3d9e481ec381f05b64939effc9065afe18456a6b9"},
    {file = "pymongo-4.6.1-cp37-cp37m-win32.whl", hash = "sha256:3071ec998cc3d7b4944377e5f1217c2c44b811fae16f9a495c7a1ce9b42fb038"},
    {file = "pymongo-4.6.1-cp37-cp37m-win_amd64.whl", hash = "sha256:2346450a075625c4d6166b40a013b605a38b6b6168ce2232b192a37fb200d588"},
    {file = "pymongo-4.6.1-cp38-cp38-macosx_11_0_universal2.whl", hash = "sha256:061598cbc6abe2f382ab64c9caa83faa2f4c51256f732cdd890bcc6e63bfb67e"},
    {file = "pymongo-4.6.1-cp38-cp38-manylinux1_i686.whl", hash = "sha256:d483793a384c550c2d12cb794ede294d303b42beff75f3b3081f57196660edaf"},
    {file = "pymongo-4.6.1-cp38-cp38-manylinux1_x86_64.whl", hash = "sha256:f9756f1d25454ba6a3c2f1ef8b7ddec23e5cdeae3dc3c3377243ae37a383db00"},
    {file = "pymongo-4.6.1-cp38-cp38-manylinux2014_aarch64.whl", hash = "sha256:1ed23b0e2dac6f84f44c8494fbceefe6eb5c35db5c1099f56ab78fc0d94ab3af"},
    {file = "pymongo-4.6.1-cp38-cp38-manylinux2014_i686.whl", hash = "sha256:3d18a9b9b858ee140c15c5bfcb3e66e47e2a70a03272c2e72adda2482f76a6ad"},
    {file = "pymongo-4.6.1-cp38-cp38-manylinux2014_ppc64le.whl", hash = "sha256:c258dbacfff1224f13576147df16ce3c02024a0d792fd0323ac01bed5d3c545d"},
    {file = "pymongo-4.6.1-cp38-cp38-manylinux2014_s390x.whl", hash = "sha256:f7acc03a4f1154ba2643edeb13658d08598fe6e490c3dd96a241b94f09801626"},
    {file = "pymongo-4.6.1-cp38-cp38-manylinux2014_x86_64.whl", hash = "sha256:76013fef1c9cd1cd00d55efde516c154aa169f2bf059b197c263a255ba8a9ddf"},
    {file = "pymongo-4.6.1-cp38-cp38-manylinux_2_17_aarch64.manylinux2014_aarch64.whl", hash = "sha256:3f0e6a6c807fa887a0c51cc24fe7ea51bb9e496fe88f00d7930063372c3664c3"},
    {file = "pymongo-4.6.1-cp38-cp38-manylinux_2_17_ppc64le.manylinux2014_ppc64le.whl", hash = "sha256:dd1fa413f8b9ba30140de198e4f408ffbba6396864c7554e0867aa7363eb58b2"},
    {file = "pymongo-4.6.1-cp38-cp38-manylinux_2_17_s390x.manylinux2014_s390x.whl", hash = "sha256:8d219b4508f71d762368caec1fc180960569766049bbc4d38174f05e8ef2fe5b"},
    {file = "pymongo-4.6.1-cp38-cp38-manylinux_2_17_x86_64.manylinux2014_x86_64.whl", hash = "sha256:27b81ecf18031998ad7db53b960d1347f8f29e8b7cb5ea7b4394726468e4295e"},
    {file = "pymongo-4.6.1-cp38-cp38-manylinux_2_5_i686.manylinux1_i686.manylinux_2_17_i686.manylinux2014_i686.whl", hash = "sha256:56816e43c92c2fa8c11dc2a686f0ca248bea7902f4a067fa6cbc77853b0f041e"},
    {file = "pymongo-4.6.1-cp38-cp38-manylinux_2_5_i686.manylinux1_i686.whl", hash = "sha256:ef801027629c5b511cf2ba13b9be29bfee36ae834b2d95d9877818479cdc99ea"},
    {file = "pymongo-4.6.1-cp38-cp38-manylinux_2_5_x86_64.manylinux1_x86_64.whl", hash = "sha256:d4c2be9760b112b1caf649b4977b81b69893d75aa86caf4f0f398447be871f3c"},
    {file = "pymongo-4.6.1-cp38-cp38-win32.whl", hash = "sha256:39d77d8bbb392fa443831e6d4ae534237b1f4eee6aa186f0cdb4e334ba89536e"},
    {file = "pymongo-4.6.1-cp38-cp38-win_amd64.whl", hash = "sha256:4497d49d785482cc1a44a0ddf8830b036a468c088e72a05217f5b60a9e025012"},
    {file = "pymongo-4.6.1-cp39-cp39-macosx_10_9_universal2.whl", hash = "sha256:69247f7a2835fc0984bbf0892e6022e9a36aec70e187fcfe6cae6a373eb8c4de"},
    {file = "pymongo-4.6.1-cp39-cp39-manylinux1_i686.whl", hash = "sha256:7bb0e9049e81def6829d09558ad12d16d0454c26cabe6efc3658e544460688d9"},
    {file = "pymongo-4.6.1-cp39-cp39-manylinux1_x86_64.whl", hash = "sha256:6a1810c2cbde714decf40f811d1edc0dae45506eb37298fd9d4247b8801509fe"},
    {file = "pymongo-4.6.1-cp39-cp39-manylinux2014_aarch64.whl", hash = "sha256:e2aced6fb2f5261b47d267cb40060b73b6527e64afe54f6497844c9affed5fd0"},
    {file = "pymongo-4.6.1-cp39-cp39-manylinux2014_i686.whl", hash = "sha256:d0355cff58a4ed6d5e5f6b9c3693f52de0784aa0c17119394e2a8e376ce489d4"},
    {file = "pymongo-4.6.1-cp39-cp39-manylinux2014_ppc64le.whl", hash = "sha256:3c74f4725485f0a7a3862cfd374cc1b740cebe4c133e0c1425984bcdcce0f4bb"},
    {file = "pymongo-4.6.1-cp39-cp39-manylinux2014_s390x.whl", hash = "sha256:9c79d597fb3a7c93d7c26924db7497eba06d58f88f58e586aa69b2ad89fee0f8"},
    {file = "pymongo-4.6.1-cp39-cp39-manylinux2014_x86_64.whl", hash = "sha256:8ec75f35f62571a43e31e7bd11749d974c1b5cd5ea4a8388725d579263c0fdf6"},
    {file = "pymongo-4.6.1-cp39-cp39-manylinux_2_17_aarch64.manylinux2014_aarch64.whl", hash = "sha256:a5e641f931c5cd95b376fd3c59db52770e17bec2bf86ef16cc83b3906c054845"},
    {file = "pymongo-4.6.1-cp39-cp39-manylinux_2_17_ppc64le.manylinux2014_ppc64le.whl", hash = "sha256:9aafd036f6f2e5ad109aec92f8dbfcbe76cff16bad683eb6dd18013739c0b3ae"},
    {file = "pymongo-4.6.1-cp39-cp39-manylinux_2_17_s390x.manylinux2014_s390x.whl", hash = "sha256:1f2b856518bfcfa316c8dae3d7b412aecacf2e8ba30b149f5eb3b63128d703b9"},
    {file = "pymongo-4.6.1-cp39-cp39-manylinux_2_17_x86_64.manylinux2014_x86_64.whl", hash = "sha256:5ec31adc2e988fd7db3ab509954791bbc5a452a03c85e45b804b4bfc31fa221d"},
    {file = "pymongo-4.6.1-cp39-cp39-manylinux_2_5_i686.manylinux1_i686.manylinux_2_17_i686.manylinux2014_i686.whl", hash = "sha256:9167e735379ec43d8eafa3fd675bfbb12e2c0464f98960586e9447d2cf2c7a83"},
    {file = "pymongo-4.6.1-cp39-cp39-manylinux_2_5_i686.manylinux1_i686.whl", hash = "sha256:1461199b07903fc1424709efafe379205bf5f738144b1a50a08b0396357b5abf"},
    {file = "pymongo-4.6.1-cp39-cp39-manylinux_2_5_x86_64.manylinux1_x86_64.whl", hash = "sha256:3094c7d2f820eecabadae76bfec02669567bbdd1730eabce10a5764778564f7b"},
    {file = "pymongo-4.6.1-cp39-cp39-win32.whl", hash = "sha256:c91ea3915425bd4111cb1b74511cdc56d1d16a683a48bf2a5a96b6a6c0f297f7"},
    {file = "pymongo-4.6.1-cp39-cp39-win_amd64.whl", hash = "sha256:ef102a67ede70e1721fe27f75073b5314911dbb9bc27cde0a1c402a11531e7bd"},
    {file = "pymongo-4.6.1.tar.gz", hash = "sha256:31dab1f3e1d0cdd57e8df01b645f52d43cc1b653ed3afd535d2891f4fc4f9712"},
]

[package.dependencies]
dnspython = ">=1.16.0,<3.0.0"

[package.extras]
aws = ["pymongo-auth-aws (<2.0.0)"]
encryption = ["certifi", "pymongo[aws]", "pymongocrypt (>=1.6.0,<2.0.0)"]
gssapi = ["pykerberos", "winkerberos (>=0.5.0)"]
ocsp = ["certifi", "cryptography (>=2.5)", "pyopenssl (>=17.2.0)", "requests (<3.0.0)", "service-identity (>=18.1.0)"]
snappy = ["python-snappy"]
test = ["pytest (>=7)"]
zstd = ["zstandard"]

[[package]]
name = "python-dotenv"
version = "1.0.0"
description = "Read key-value pairs from a .env file and set them as environment variables"
optional = false
python-versions = ">=3.8"
files = [
    {file = "python-dotenv-1.0.0.tar.gz", hash = "sha256:a8df96034aae6d2d50a4ebe8216326c61c3eb64836776504fcca410e5937a3ba"},
    {file = "python_dotenv-1.0.0-py3-none-any.whl", hash = "sha256:f5971a9226b701070a4bf2c38c89e5a3f0d64de8debda981d1db98583009122a"},
]

[package.extras]
cli = ["click (>=5.0)"]

[[package]]
name = "pytz"
version = "2023.3.post1"
description = "World timezone definitions, modern and historical"
optional = false
python-versions = "*"
files = [
    {file = "pytz-2023.3.post1-py2.py3-none-any.whl", hash = "sha256:ce42d816b81b68506614c11e8937d3aa9e41007ceb50bfdcb0749b921bf646c7"},
    {file = "pytz-2023.3.post1.tar.gz", hash = "sha256:7b4fddbeb94a1eba4b557da24f19fdf9db575192544270a9101d8509f9f43d7b"},
]

[[package]]
name = "six"
version = "1.16.0"
description = "Python 2 and 3 compatibility utilities"
optional = false
python-versions = ">=2.7, !=3.0.*, !=3.1.*, !=3.2.*"
files = [
    {file = "six-1.16.0-py2.py3-none-any.whl", hash = "sha256:8abb2f1d86890a2dfb989f9a77cfcfd3e47c2a354b01111771326f8aa26e0254"},
    {file = "six-1.16.0.tar.gz", hash = "sha256:1e61c37477a1626458e36f7b1d82aa5c9b094fa4802892072e49de9c60c4c926"},
]

[[package]]
name = "sqlparse"
version = "0.4.4"
description = "A non-validating SQL parser."
optional = false
python-versions = ">=3.5"
files = [
    {file = "sqlparse-0.4.4-py3-none-any.whl", hash = "sha256:5430a4fe2ac7d0f93e66f1efc6e1338a41884b7ddf2a350cedd20ccc4d9d28f3"},
    {file = "sqlparse-0.4.4.tar.gz", hash = "sha256:d446183e84b8349fa3061f0fe7f06ca94ba65b426946ffebe6e3e8295332420c"},
]

[package.extras]
dev = ["build", "flake8"]
doc = ["sphinx"]
test = ["pytest", "pytest-cov"]

[[package]]
name = "tzdata"
version = "2023.3"
description = "Provider of IANA time zone data"
optional = false
python-versions = ">=2"
files = [
    {file = "tzdata-2023.3-py2.py3-none-any.whl", hash = "sha256:7e65763eef3120314099b6939b5546db7adce1e7d6f2e179e3df563c70511eda"},
    {file = "tzdata-2023.3.tar.gz", hash = "sha256:11ef1e08e54acb0d4f95bdb1be05da659673de4acbd21bf9c69e94cc5e907a3a"},
]

[[package]]
name = "whitenoise"
version = "6.6.0"
description = "Radically simplified static file serving for WSGI applications"
optional = false
python-versions = ">=3.8"
files = [
    {file = "whitenoise-6.6.0-py3-none-any.whl", hash = "sha256:b1f9db9bf67dc183484d760b99f4080185633136a273a03f6436034a41064146"},
    {file = "whitenoise-6.6.0.tar.gz", hash = "sha256:8998f7370973447fac1e8ef6e8ded2c5209a7b1f67c1012866dbcd09681c3251"},
]

[package.dependencies]
Brotli = {version = "*", optional = true, markers = "extra == \"brotli\""}

[package.extras]
brotli = ["Brotli"]

[metadata]
lock-version = "2.0"
python-versions = "^3.11"
content-hash = "7fa20213d5f1301df98add79900d649bb93d4ca829a9c854af6c26d7a3d0e8e3"
